
Microsoft Visual Studio Solution File, Format Version 12.00
# Visual Studio Version 16
VisualStudioVersion = 16.0.30804.86
MinimumVisualStudioVersion = 10.0.40219.1
Project("{FAE04EC0-301F-11D3-BF4B-00C04F79EFBC}") = "ExamenSegundoParcial", "ExamenSegundoParcial.csproj", "{09525CB3-5FEE-49BD-B529-9C99B6F40573}"
EndProject
Project("{FAE04EC0-301F-11D3-BF4B-00C04F79EFBC}") = "CLASESEXAMEN", "..\CLASESEXAMEN\CLASESEXAMEN.csproj", "{D191B6C1-CC8F-488D-945E-62D20FD959CA}"
EndProject
Global
	GlobalSection(SolutionConfigurationPlatforms) = preSolution
		Debug|Any CPU = Debug|Any CPU
		Release|Any CPU = Release|Any CPU
	EndGlobalSection
	GlobalSection(ProjectConfigurationPlatforms) = postSolution
		{09525CB3-5FEE-49BD-B529-9C99B6F40573}.Debug|Any CPU.ActiveCfg = Debug|Any CPU
		{09525CB3-5FEE-49BD-B529-9C99B6F40573}.Debug|Any CPU.Build.0 = Debug|Any CPU
		{09525CB3-5FEE-49BD-B529-9C99B6F40573}.Release|Any CPU.ActiveCfg = Release|Any CPU
		{09525CB3-5FEE-49BD-B529-9C99B6F40573}.Release|Any CPU.Build.0 = Release|Any CPU
		{D191B6C1-CC8F-488D-945E-62D20FD959CA}.Debug|Any CPU.ActiveCfg = Debug|Any CPU
		{D191B6C1-CC8F-488D-945E-62D20FD959CA}.Debug|Any CPU.Build.0 = Debug|Any CPU
		{D191B6C1-CC8F-488D-945E-62D20FD959CA}.Release|Any CPU.ActiveCfg = Release|Any CPU
		{D191B6C1-CC8F-488D-945E-62D20FD959CA}.Release|Any CPU.Build.0 = Release|Any CPU
	EndGlobalSection
	GlobalSection(SolutionProperties) = preSolution
		HideSolutionNode = FALSE
	EndGlobalSection
	GlobalSection(ExtensibilityGlobals) = postSolution
		SolutionGuid = {7A569AAF-13D3-430C-92DB-1E110BB082B6}
	EndGlobalSection
EndGlobal
